{
  "name": "tns-template-blank-ng",
  "version": "3.4.3",
  "lockfileVersion": 1,
  "requires": true,
  "dependencies": {
    "@types/node": {
      "version": "9.6.6",
      "resolved": "https://registry.npmjs.org/@types/node/-/node-9.6.6.tgz",
      "integrity": "sha512-SJe0g5cZeGNDP5sD8mIX3scb+eq8LQQZ60FXiKZHipYSeEFZ5EKml+NNMiO76F74TY4PoMWlNxF/YRY40FOvZQ==",
      "dev": true
    },
    "@types/qrcode": {
      "version": "0.8.1",
      "resolved": "https://registry.npmjs.org/@types/qrcode/-/qrcode-0.8.1.tgz",
      "integrity": "sha512-Z3Z5S+DS9vBGwH0wBN4544se8ogM5Y0+t7flmPxvhR4nj7zTvOy3PkNaCX5vwKXOgr6KeLfDEX5lW4fTZ+chIg==",
      "dev": true,
      "requires": {
        "@types/node": "*"
      }
    }
  }
}
